// !$*UTF8*$!
{
	archiveVersion = 1;
	classes = {
	};
	objectVersion = 55;
	objects = {

/* Begin PBXBuildFile section */
		BD101D1D27858C2F006E3133 /* PlaceonaAppApp.swift in Sources */ = {isa = PBXBuildFile; fileRef = BD101D1C27858C2F006E3133 /* PlaceonaAppApp.swift */; };
		BD101D1F27858C2F006E3133 /* ContentView.swift in Sources */ = {isa = PBXBuildFile; fileRef = BD101D1E27858C2F006E3133 /* ContentView.swift */; };
		BD101D2127858C35006E3133 /* Assets.xcassets in Resources */ = {isa = PBXBuildFile; fileRef = BD101D2027858C35006E3133 /* Assets.xcassets */; };
		BD101D2427858C35006E3133 /* Preview Assets.xcassets in Resources */ = {isa = PBXBuildFile; fileRef = BD101D2327858C35006E3133 /* Preview Assets.xcassets */; };
		BD101D2B27858C55006E3133 /* PlaceonaView.swift in Sources */ = {isa = PBXBuildFile; fileRef = BD101D2A27858C55006E3133 /* PlaceonaView.swift */; };
		BD101D2D27858C67006E3133 /* ViewA.swift in Sources */ = {isa = PBXBuildFile; fileRef = BD101D2C27858C67006E3133 /* ViewA.swift */; };
		BD101D2F27858C6D006E3133 /* ViewB.swift in Sources */ = {isa = PBXBuildFile; fileRef = BD101D2E27858C6D006E3133 /* ViewB.swift */; };
		BD101D3127858C80006E3133 /* VUIView.swift in Sources */ = {isa = PBXBuildFile; fileRef = BD101D3027858C80006E3133 /* VUIView.swift */; };
		BD101D3327858CC2006E3133 /* PlaceonaUISystem.swift in Sources */ = {isa = PBXBuildFile; fileRef = BD101D3227858CC2006E3133 /* PlaceonaUISystem.swift */; };
/* End PBXBuildFile section */

/* Begin PBXFileReference section */
		BD101D1927858C2F006E3133 /* PlaceonaApp.app */ = {isa = PBXFileReference; explicitFileType = wrapper.application; includeInIndex = 0; path = PlaceonaApp.app; sourceTree = BUILT_PRODUCTS_DIR; };
		BD101D1C27858C2F006E3133 /* PlaceonaAppApp.swift */ = {isa = PBXFileReference; lastKnownFileType = sourcecode.swift; path = PlaceonaAppApp.swift; sourceTree = "<group>"; };
		BD101D1E27858C2F006E3133 /* ContentView.swift */ = {isa = PBXFileReference; lastKnownFileType = sourcecode.swift; path = ContentView.swift; sourceTree = "<group>"; };
		BD101D2027858C35006E3133 /* Assets.xcassets */ = {isa = PBXFileReference; lastKnownFileType = folder.assetcatalog; path = Assets.xcassets; sourceTree = "<group>"; };
		BD101D2327858C35006E3133 /* Preview Assets.xcassets */ = {isa = PBXFileReference; lastKnownFileType = folder.assetcatalog; path = "Preview Assets.xcassets"; sourceTree = "<group>"; };
		BD101D2A27858C55006E3133 /* PlaceonaView.swift */ = {isa = PBXFileReference; lastKnownFileType = sourcecode.swift; path = PlaceonaView.swift; sourceTree = "<group>"; };
		BD101D2C27858C67006E3133 /* ViewA.swift */ = {isa = PBXFileReference; lastKnownFileType = sourcecode.swift; path = ViewA.swift; sourceTree = "<group>"; };
		BD101D2E27858C6D006E3133 /* ViewB.swift */ = {isa = PBXFileReference; lastKnownFileType = sourcecode.swift; path = ViewB.swift; sourceTree = "<group>"; };
		BD101D3027858C80006E3133 /* VUIView.swift */ = {isa = PBXFileReference; lastKnownFileType = sourcecode.swift; path = VUIView.swift; sourceTree = "<group>"; };
		BD101D3227858CC2006E3133 /* PlaceonaUISystem.swift */ = {isa = PBXFileReference; lastKnownFileType = sourcecode.swift; path = PlaceonaUISystem.swift; sourceTree = "<group>"; };
/* End PBXFileReference section */

/* Begin PBXFrameworksBuildPhase section */
		BD101D1627858C2F006E3133 /* Frameworks */ = {
			isa = PBXFrameworksBuildPhase;
			buildActionMask = 2147483647;
			files = (
			);
			runOnlyForDeploymentPostprocessing = 0;
		};
/* End PBXFrameworksBuildPhase section */

/* Begin PBXGroup section */
		BD101D1027858C2F006E3133 = {
			isa = PBXGroup;
			children = (
				BD101D1B27858C2F006E3133 /* PlaceonaApp */,
				BD101D1A27858C2F006E3133 /* Products */,
			);
			sourceTree = "<group>";
		};
		BD101D1A27858C2F006E3133 /* Products */ = {
			isa = PBXGroup;
			children = (
				BD101D1927858C2F006E3133 /* PlaceonaApp.app */,
			);
			name = Products;
			sourceTree = "<group>";
		};
		BD101D1B27858C2F006E3133 /* PlaceonaApp */ = {
			isa = PBXGroup;
			children = (
				BD101D1C27858C2F006E3133 /* PlaceonaAppApp.swift */,
				BD101D1E27858C2F006E3133 /* ContentView.swift */,
				BD101D2C27858C67006E3133 /* ViewA.swift */,
				BD101D2E27858C6D006E3133 /* ViewB.swift */,
				BDDBEB6327A5405F00731247 /* PlaceonaUI */,
				BD101D2027858C35006E3133 /* Assets.xcassets */,
				BD101D2227858C35006E3133 /* Preview Content */,
			);
			path = PlaceonaApp;
			sourceTree = "<group>";
		};
		BD101D2227858C35006E3133 /* Preview Content */ = {
			isa = PBXGroup;
			children = (
				BD101D2327858C35006E3133 /* Preview Assets.xcassets */,
			);
			path = "Preview Content";
			sourceTree = "<group>";
		};
		BDDBEB6327A5405F00731247 /* PlaceonaUI */ = {
			isa = PBXGroup;
			children = (
				BD101D3227858CC2006E3133 /* PlaceonaUISystem.swift */,
				BD101D3027858C80006E3133 /* VUIView.swift */,
				BD101D2A27858C55006E3133 /* PlaceonaView.swift */,
			);
			path = PlaceonaUI;
			sourceTree = "<group>";
		};
/* End PBXGroup section */

/* Begin PBXNativeTarget section */
		BD101D1827858C2F006E3133 /* PlaceonaApp */ = {
			isa = PBXNativeTarget;
			buildConfigurationList = BD101D2727858C35006E3133 /* Build configuration list for PBXNativeTarget "PlaceonaApp" */;
			buildPhases = (
				BD101D1527858C2F006E3133 /* Sources */,
				BD101D1627858C2F006E3133 /* Frameworks */,
				BD101D1727858C2F006E3133 /* Resources */,
			);
			buildRules = (
			);
			dependencies = (
			);
			name = PlaceonaApp;
			productName = PlaceonaApp;
			productReference = BD101D1927858C2F006E3133 /* PlaceonaApp.app */;
			productType = "com.apple.product-type.application";
		};
/* End PBXNativeTarget section */

/* Begin PBXProject section */
		BD101D1127858C2F006E3133 /* Project object */ = {
			isa = PBXProject;
			attributes = {
				BuildIndependentTargetsInParallel = 1;
				LastSwiftUpdateCheck = 1320;
				LastUpgradeCheck = 1320;
				TargetAttributes = {
					BD101D1827858C2F006E3133 = {
						CreatedOnToolsVersion = 13.2.1;
					};
				};
			};
			buildConfigurationList = BD101D1427858C2F006E3133 /* Build configuration list for PBXProject "PlaceonaApp" */;
			compatibilityVersion = "Xcode 13.0";
			developmentRegion = en;
			hasScannedForEncodings = 0;
			knownRegions = (
				en,
				Base,
			);
			mainGroup = BD101D1027858C2F006E3133;
			productRefGroup = BD101D1A27858C2F006E3133 /* Products */;
			projectDirPath = "";
			projectRoot = "";
			targets = (
				BD101D1827858C2F006E3133 /* PlaceonaApp */,
			);
		};
/* End PBXProject section */

/* Begin PBXResourcesBuildPhase section */
		BD101D1727858C2F006E3133 /* Resources */ = {
			isa = PBXResourcesBuildPhase;
			buildActionMask = 2147483647;
			files = (
				BD101D2427858C35006E3133 /* Preview Assets.xcassets in Resources */,
				BD101D2127858C35006E3133 /* Assets.xcassets in Resources */,
			);
			runOnlyForDeploymentPostprocessing = 0;
		};
/* End PBXResourcesBuildPhase section */

/* Begin PBXSourcesBuildPhase section */
		BD101D1527858C2F006E3133 /* Sources */ = {
			isa = PBXSourcesBuildPhase;
			buildActionMask = 2147483647;
			files = (
				BD101D2B27858C55006E3133 /* PlaceonaView.swift in Sources */,
				BD101D2F27858C6D006E3133 /* ViewB.swift in Sources */,
				BD101D1F27858C2F006E3133 /* ContentView.swift in Sources */,
				BD101D2D27858C67006E3133 /* ViewA.swift in Sources */,
				BD101D1D27858C2F006E3133 /* PlaceonaAppApp.swift in Sources */,
				BD101D3327858CC2006E3133 /* PlaceonaUISystem.swift in Sources */,
				BD101D3127858C80006E3133 /* VUIView.swift in Sources */,
			);
			runOnlyForDeploymentPostprocessing = 0;
		};
/* End PBXSourcesBuildPhase section */

/* Begin XCBuildConfiguration section */
		BD101D2527858C35006E3133 /* Debug */ = {
			isa = XCBuildConfiguration;
			buildSettings = {
				ALWAYS_SEARCH_USER_PATHS = NO;
				CLANG_ANALYZER_NONNULL = YES;
				CLANG_ANALYZER_NUMBER_OBJECT_CONVERSION = YES_AGGRESSIVE;
				CLANG_CXX_LANGUAGE_STANDARD = "gnu++17";
				CLANG_CXX_LIBRARY = "libc++";
				CLANG_ENABLE_MODULES = YES;
				CLANG_ENABLE_OBJC_ARC = YES;
				CLANG_ENABLE_OBJC_WEAK = YES;
				CLANG_WARN_BLOCK_CAPTURE_AUTORELEASING = YES;
				CLANG_WARN_BOOL_CONVERSION = YES;
				CLANG_WARN_COMMA = YES;
				CLANG_WARN_CONSTANT_CONVERSION = YES;
				CLANG_WARN_DEPRECATED_OBJC_IMPLEMENTATIONS = YES;
				CLANG_WARN_DIRECT_OBJC_ISA_USAGE = YES_ERROR;
				CLANG_WARN_DOCUMENTATION_COMMENTS = YES;
				CLANG_WARN_EMPTY_BODY = YES;
				CLANG_WARN_ENUM_CONVERSION = YES;
				CLANG_WARN_INFINITE_RECURSION = YES;
				CLANG_WARN_INT_CONVERSION = YES;
				CLANG_WARN_NON_LITERAL_NULL_CONVERSION = YES;
				CLANG_WARN_OBJC_IMPLICIT_RETAIN_SELF = YES;
				CLANG_WARN_OBJC_LITERAL_CONVERSION = YES;
				CLANG_WARN_OBJC_ROOT_CLASS = YES_ERROR;
				CLANG_WARN_QUOTED_INCLUDE_IN_FRAMEWORK_HEADER = YES;
				CLANG_WARN_RANGE_LOOP_ANALYSIS = YES;
				CLANG_WARN_STRICT_PROTOTYPES = YES;
				CLANG_WARN_SUSPICIOUS_MOVE = YES;
				CLANG_WARN_UNGUARDED_AVAILABILITY = YES_AGGRESSIVE;
				CLANG_WARN_UNREACHABLE_CODE = YES;
				CLANG_WARN__DUPLICATE_METHOD_MATCH = YES;
				COPY_PHASE_STRIP = NO;
				DEBUG_INFORMATION_FORMAT = dwarf;
				ENABLE_STRICT_OBJC_MSGSEND = YES;
				ENABLE_TESTABILITY = YES;
				GCC_C_LANGUAGE_STANDARD = gnu11;
				GCC_DYNAMIC_NO_PIC = NO;
				GCC_NO_COMMON_BLOCKS = YES;
				GCC_OPTIMIZATION_LEVEL = 0;
				GCC_PREPROCESSOR_DEFINITIONS = (
					"DEBUG=1",
					"$(inherited)",
				);
				GCC_WARN_64_TO_32_BIT_CONVERSION = YES;
				GCC_WARN_ABOUT_RETURN_TYPE = YES_ERROR;
				GCC_WARN_UNDECLARED_SELECTOR = YES;
				GCC_WARN_UNINITIALIZED_AUTOS = YES_AGGRESSIVE;
				GCC_WARN_UNUSED_FUNCTION = YES;
				GCC_WARN_UNUSED_VARIABLE = YES;
				IPHONEOS_DEPLOYMENT_TARGET = 14.2;
				MTL_ENABLE_DEBUG_INFO = INCLUDE_SOURCE;
				MTL_FAST_MATH = YES;
				ONLY_ACTIVE_ARCH = YES;
				SDKROOT = iphoneos;
				SWIFT_ACTIVE_COMPILATION_CONDITIONS = DEBUG;
				SWIFT_OPTIMIZATION_LEVEL = "-Onone";
			};
			name = Debug;
		};
		BD101D2627858C35006E3133 /* Release */ = {
			isa = XCBuildConfiguration;
			buildSettings = {
				ALWAYS_SEARCH_USER_PATHS = NO;
				CLANG_ANALYZER_NONNULL = YES;
				CLANG_ANALYZER_NUMBER_OBJECT_CONVERSION = YES_AGGRESSIVE;
				CLANG_CXX_LANGUAGE_STANDARD = "gnu++17";
				CLANG_CXX_LIBRARY = "libc++";
				CLANG_ENABLE_MODULES = YES;
				CLANG_ENABLE_OBJC_ARC = YES;
				CLANG_ENABLE_OBJC_WEAK = YES;
				CLANG_WARN_BLOCK_CAPTURE_AUTORELEASING = YES;
				CLANG_WARN_BOOL_CONVERSION = YES;
				CLANG_WARN_COMMA = YES;
				CLANG_WARN_CONSTANT_CONVERSION = YES;
				CLANG_WARN_DEPRECATED_OBJC_IMPLEMENTATIONS = YES;
				CLANG_WARN_DIRECT_OBJC_ISA_USAGE = YES_ERROR;
				CLANG_WARN_DOCUMENTATION_COMMENTS = YES;
				CLANG_WARN_EMPTY_BODY = YES;
				CLANG_WARN_ENUM_CONVERSION = YES;
				CLANG_WARN_INFINITE_RECURSION = YES;
				CLANG_WARN_INT_CONVERSION = YES;
				CLANG_WARN_NON_LITERAL_NULL_CONVERSION = YES;
				CLANG_WARN_OBJC_IMPLICIT_RETAIN_SELF = YES;
				CLANG_WARN_OBJC_LITERAL_CONVERSION = YES;
				CLANG_WARN_OBJC_ROOT_CLASS = YES_ERROR;
				CLANG_WARN_QUOTED_INCLUDE_IN_FRAMEWORK_HEADER = YES;
				CLANG_WARN_RANGE_LOOP_ANALYSIS = YES;
				CLANG_WARN_STRICT_PROTOTYPES = YES;
				CLANG_WARN_SUSPICIOUS_MOVE = YES;
				CLANG_WARN_UNGUARDED_AVAILABILITY = YES_AGGRESSIVE;
				CLANG_WARN_UNREACHABLE_CODE = YES;
				CLANG_WARN__DUPLICATE_METHOD_MATCH = YES;
				COPY_PHASE_STRIP = NO;
				DEBUG_INFORMATION_FORMAT = "dwarf-with-dsym";
				ENABLE_NS_ASSERTIONS = NO;
				ENABLE_STRICT_OBJC_MSGSEND = YES;
				GCC_C_LANGUAGE_STANDARD = gnu11;
				GCC_NO_COMMON_BLOCKS = YES;
				GCC_WARN_64_TO_32_BIT_CONVERSION = YES;
				GCC_WARN_ABOUT_RETURN_TYPE = YES_ERROR;
				GCC_WARN_UNDECLARED_SELECTOR = YES;
				GCC_WARN_UNINITIALIZED_AUTOS = YES_AGGRESSIVE;
				GCC_WARN_UNUSED_FUNCTION = YES;
				GCC_WARN_UNUSED_VARIABLE = YES;
				IPHONEOS_DEPLOYMENT_TARGET = 14.2;
				MTL_ENABLE_DEBUG_INFO = NO;
				MTL_FAST_MATH = YES;
				SDKROOT = iphoneos;
				SWIFT_COMPILATION_MODE = wholemodule;
				SWIFT_OPTIMIZATION_LEVEL = "-O";
				VALIDATE_PRODUCT = YES;
			};
			name = Release;
		};
		BD101D2827858C35006E3133 /* Debug */ = {
			isa = XCBuildConfiguration;
			buildSettings = {
				ASSETCATALOG_COMPILER_APPICON_NAME = AppIcon;
				ASSETCATALOG_COMPILER_GLOBAL_ACCENT_COLOR_NAME = AccentColor;
				CODE_SIGN_STYLE = Automatic;
				CURRENT_PROJECT_VERSION = 1;
				DEVELOPMENT_ASSET_PATHS = "\"PlaceonaApp/Preview Content\"";
				DEVELOPMENT_TEAM = BX26LUL4NX;
				ENABLE_PREVIEWS = YES;
				GENERATE_INFOPLIST_FILE = YES;
				INFOPLIST_KEY_NSLocationUsageDescription = "";
				INFOPLIST_KEY_NSLocationWhenInUseUsageDescription = "";
				INFOPLIST_KEY_NSMicrophoneUsageDescription = "";
				INFOPLIST_KEY_NSSpeechRecognitionUsageDescription = "";
				INFOPLIST_KEY_UIApplicationSceneManifest_Generation = YES;
				INFOPLIST_KEY_UIApplicationSupportsIndirectInputEvents = YES;
				INFOPLIST_KEY_UILaunchScreen_Generation = YES;
				INFOPLIST_KEY_UISupportedInterfaceOrientations_iPad = "UIInterfaceOrientationPortrait UIInterfaceOrientationPortraitUpsideDown UIInterfaceOrientationLandscapeLeft UIInterfaceOrientationLandscapeRight";
				INFOPLIST_KEY_UISupportedInterfaceOrientations_iPhone = "UIInterfaceOrientationPortrait UIInterfaceOrientationLandscapeLeft UIInterfaceOrientationLandscapeRight";
				LD_RUNPATH_SEARCH_PATHS = (
					"$(inherited)",
					"@executable_path/Frameworks",
				);
				MARKETING_VERSION = 1.0;
				PRODUCT_BUNDLE_IDENTIFIER = com.gmail.ike.jun0502.PlaceonaApp;
				PRODUCT_NAME = "$(TARGET_NAME)";
				SWIFT_EMIT_LOC_STRINGS = YES;
				SWIFT_VERSION = 5.0;
				TARGETED_DEVICE_FAMILY = "1,2";
			};
			name = Debug;
		};
		BD101D2927858C35006E3133 /* Release */ = {
			isa = XCBuildConfiguration;
			buildSettings = {
				ASSETCATALOG_COMPILER_APPICON_NAME = AppIcon;
				ASSETCATALOG_COMPILER_GLOBAL_ACCENT_COLOR_NAME = AccentColor;
				CODE_SIGN_STYLE = Automatic;
				CURRENT_PROJECT_VERSION = 1;
				DEVELOPMENT_ASSET_PATHS = "\"PlaceonaApp/Preview Content\"";
				DEVELOPMENT_TEAM = BX26LUL4NX;
				ENABLE_PREVIEWS = YES;
				GENERATE_INFOPLIST_FILE = YES;
				INFOPLIST_KEY_NSLocationUsageDescription = "";
				INFOPLIST_KEY_NSLocationWhenInUseUsageDescription = "";
				INFOPLIST_KEY_NSMicrophoneUsageDescription = "";
				INFOPLIST_KEY_NSSpeechRecognitionUsageDescription = "";
				INFOPLIST_KEY_UIApplicationSceneManifest_Generation = YES;
				INFOPLIST_KEY_UIApplicationSupportsIndirectInputEvents = YES;
				INFOPLIST_KEY_UILaunchScreen_Generation = YES;
				INFOPLIST_KEY_UISupportedInterfaceOrientations_iPad = "UIInterfaceOrientationPortrait UIInterfaceOrientationPortraitUpsideDown UIInterfaceOrientationLandscapeLeft UIInterfaceOrientationLandscapeRight";
				INFOPLIST_KEY_UISupportedInterfaceOrientations_iPhone = "UIInterfaceOrientationPortrait UIInterfaceOrientationLandscapeLeft UIInterfaceOrientationLandscapeRight";
				LD_RUNPATH_SEARCH_PATHS = (
					"$(inherited)",
					"@executable_path/Frameworks",
				);
				MARKETING_VERSION = 1.0;
				PRODUCT_BUNDLE_IDENTIFIER = com.gmail.ike.jun0502.PlaceonaApp;
				PRODUCT_NAME = "$(TARGET_NAME)";
				SWIFT_EMIT_LOC_STRINGS = YES;
				SWIFT_VERSION = 5.0;
				TARGETED_DEVICE_FAMILY = "1,2";
			};
			name = Release;
		};
/* End XCBuildConfiguration section */

/* Begin XCConfigurationList section */
		BD101D1427858C2F006E3133 /* Build configuration list for PBXProject "PlaceonaApp" */ = {
			isa = XCConfigurationList;
			buildConfigurations = (
				BD101D2527858C35006E3133 /* Debug */,
				BD101D2627858C35006E3133 /* Release */,
			);
			defaultConfigurationIsVisible = 0;
			defaultConfigurationName = Release;
		};
		BD101D2727858C35006E3133 /* Build configuration list for PBXNativeTarget "PlaceonaApp" */ = {
			isa = XCConfigurationList;
			buildConfigurations = (
				BD101D2827858C35006E3133 /* Debug */,
				BD101D2927858C35006E3133 /* Release */,
			);
			defaultConfigurationIsVisible = 0;
			defaultConfigurationName = Release;
		};
/* End XCConfigurationList section */
	};
	rootObject = BD101D1127858C2F006E3133 /* Project object */;
}
